// !$*UTF8*$!
{
	archiveVersion = 1;
	classes = {
	};
	objectVersion = 50;
	objects = {

/* Begin PBXBuildFile section */
		DB3186F7252B3510001CB851 /* DataCat.swift in Sources */ = {isa = PBXBuildFile; fileRef = DB3186F6252B3510001CB851 /* DataCat.swift */; };
		DB3186FE252B56DE001CB851 /* BreedsList.swift in Sources */ = {isa = PBXBuildFile; fileRef = DB3186FD252B56DE001CB851 /* BreedsList.swift */; };
		DB318702252B5FA0001CB851 /* TabMenu.swift in Sources */ = {isa = PBXBuildFile; fileRef = DB318701252B5FA0001CB851 /* TabMenu.swift */; };
		DB94F24125235C7900DA0BA4 /* FannyCatsSwiftUIApp.swift in Sources */ = {isa = PBXBuildFile; fileRef = DB94F24025235C7900DA0BA4 /* FannyCatsSwiftUIApp.swift */; };
		DB94F24525235C7D00DA0BA4 /* Assets.xcassets in Resources */ = {isa = PBXBuildFile; fileRef = DB94F24425235C7D00DA0BA4 /* Assets.xcassets */; };
		DB94F24825235C7D00DA0BA4 /* Preview Assets.xcassets in Resources */ = {isa = PBXBuildFile; fileRef = DB94F24725235C7D00DA0BA4 /* Preview Assets.xcassets */; };
		DB94F25125235E9100DA0BA4 /* CatBreedsDataBaseModel.swift in Sources */ = {isa = PBXBuildFile; fileRef = DB94F25025235E9100DA0BA4 /* CatBreedsDataBaseModel.swift */; };
		DB94F25425235ED800DA0BA4 /* DataCatBreeds.swift in Sources */ = {isa = PBXBuildFile; fileRef = DB94F25325235ED800DA0BA4 /* DataCatBreeds.swift */; };
		DB94F257252369A400DA0BA4 /* CatBreedsRow.swift in Sources */ = {isa = PBXBuildFile; fileRef = DB94F256252369A400DA0BA4 /* CatBreedsRow.swift */; };
		DB94F25B2523896F00DA0BA4 /* CatDataBaseModel.swift in Sources */ = {isa = PBXBuildFile; fileRef = DB94F25A2523896F00DA0BA4 /* CatDataBaseModel.swift */; };
		DBD0CD64252F578C00B60A50 /* WebView.swift in Sources */ = {isa = PBXBuildFile; fileRef = DBD0CD63252F578B00B60A50 /* WebView.swift */; };
		DBD0CD67252F5D4E00B60A50 /* CatBreedsDetail.swift in Sources */ = {isa = PBXBuildFile; fileRef = DBD0CD66252F5D4E00B60A50 /* CatBreedsDetail.swift */; };
		DBE8112D252CC2D300B4B666 /* LoadImage.swift in Sources */ = {isa = PBXBuildFile; fileRef = DBE8112C252CC2D300B4B666 /* LoadImage.swift */; };
		DBE81131252CC56700B4B666 /* CatImage.swift in Sources */ = {isa = PBXBuildFile; fileRef = DBE81130252CC56700B4B666 /* CatImage.swift */; };
/* End PBXBuildFile section */

/* Begin PBXFileReference section */
		DB3186F6252B3510001CB851 /* DataCat.swift */ = {isa = PBXFileReference; lastKnownFileType = sourcecode.swift; path = DataCat.swift; sourceTree = "<group>"; };
		DB3186FD252B56DE001CB851 /* BreedsList.swift */ = {isa = PBXFileReference; lastKnownFileType = sourcecode.swift; path = BreedsList.swift; sourceTree = "<group>"; };
		DB318701252B5FA0001CB851 /* TabMenu.swift */ = {isa = PBXFileReference; lastKnownFileType = sourcecode.swift; path = TabMenu.swift; sourceTree = "<group>"; };
		DB94F23D25235C7900DA0BA4 /* FannyCatsSwiftUI.app */ = {isa = PBXFileReference; explicitFileType = wrapper.application; includeInIndex = 0; path = FannyCatsSwiftUI.app; sourceTree = BUILT_PRODUCTS_DIR; };
		DB94F24025235C7900DA0BA4 /* FannyCatsSwiftUIApp.swift */ = {isa = PBXFileReference; lastKnownFileType = sourcecode.swift; path = FannyCatsSwiftUIApp.swift; sourceTree = "<group>"; };
		DB94F24425235C7D00DA0BA4 /* Assets.xcassets */ = {isa = PBXFileReference; lastKnownFileType = folder.assetcatalog; path = Assets.xcassets; sourceTree = "<group>"; };
		DB94F24725235C7D00DA0BA4 /* Preview Assets.xcassets */ = {isa = PBXFileReference; lastKnownFileType = folder.assetcatalog; path = "Preview Assets.xcassets"; sourceTree = "<group>"; };
		DB94F24925235C7D00DA0BA4 /* Info.plist */ = {isa = PBXFileReference; lastKnownFileType = text.plist.xml; path = Info.plist; sourceTree = "<group>"; };
		DB94F25025235E9100DA0BA4 /* CatBreedsDataBaseModel.swift */ = {isa = PBXFileReference; fileEncoding = 4; lastKnownFileType = sourcecode.swift; path = CatBreedsDataBaseModel.swift; sourceTree = "<group>"; };
		DB94F25325235ED800DA0BA4 /* DataCatBreeds.swift */ = {isa = PBXFileReference; lastKnownFileType = sourcecode.swift; path = DataCatBreeds.swift; sourceTree = "<group>"; };
		DB94F256252369A400DA0BA4 /* CatBreedsRow.swift */ = {isa = PBXFileReference; lastKnownFileType = sourcecode.swift; path = CatBreedsRow.swift; sourceTree = "<group>"; };
		DB94F25A2523896F00DA0BA4 /* CatDataBaseModel.swift */ = {isa = PBXFileReference; fileEncoding = 4; lastKnownFileType = sourcecode.swift; path = CatDataBaseModel.swift; sourceTree = "<group>"; };
		DBD0CD63252F578B00B60A50 /* WebView.swift */ = {isa = PBXFileReference; lastKnownFileType = sourcecode.swift; path = WebView.swift; sourceTree = "<group>"; };
		DBD0CD66252F5D4E00B60A50 /* CatBreedsDetail.swift */ = {isa = PBXFileReference; lastKnownFileType = sourcecode.swift; path = CatBreedsDetail.swift; sourceTree = "<group>"; };
		DBE8112C252CC2D300B4B666 /* LoadImage.swift */ = {isa = PBXFileReference; lastKnownFileType = sourcecode.swift; path = LoadImage.swift; sourceTree = "<group>"; };
		DBE81130252CC56700B4B666 /* CatImage.swift */ = {isa = PBXFileReference; lastKnownFileType = sourcecode.swift; path = CatImage.swift; sourceTree = "<group>"; };
/* End PBXFileReference section */

/* Begin PBXFrameworksBuildPhase section */
		DB94F23A25235C7900DA0BA4 /* Frameworks */ = {
			isa = PBXFrameworksBuildPhase;
			buildActionMask = 2147483647;
			files = (
			);
			runOnlyForDeploymentPostprocessing = 0;
		};
/* End PBXFrameworksBuildPhase section */

/* Begin PBXGroup section */
		DB49FCF8253739F700E5220E /* Data */ = {
			isa = PBXGroup;
			children = (
				DB94F25025235E9100DA0BA4 /* CatBreedsDataBaseModel.swift */,
				DB94F25A2523896F00DA0BA4 /* CatDataBaseModel.swift */,
				DB94F25325235ED800DA0BA4 /* DataCatBreeds.swift */,
				DB3186F6252B3510001CB851 /* DataCat.swift */,
				DBE8112C252CC2D300B4B666 /* LoadImage.swift */,
			);
			path = Data;
			sourceTree = "<group>";
		};
		DB49FCFA25373A6B00E5220E /* CatBreeds */ = {
			isa = PBXGroup;
			children = (
				DB3186FD252B56DE001CB851 /* BreedsList.swift */,
				DB94F256252369A400DA0BA4 /* CatBreedsRow.swift */,
				DBE81130252CC56700B4B666 /* CatImage.swift */,
				DBD0CD66252F5D4E00B60A50 /* CatBreedsDetail.swift */,
				DBD0CD63252F578B00B60A50 /* WebView.swift */,
			);
			path = CatBreeds;
			sourceTree = "<group>";
		};
		DB94F23425235C7800DA0BA4 = {
			isa = PBXGroup;
			children = (
				DB94F23F25235C7900DA0BA4 /* FannyCatsSwiftUI */,
				DB94F23E25235C7900DA0BA4 /* Products */,
			);
			sourceTree = "<group>";
		};
		DB94F23E25235C7900DA0BA4 /* Products */ = {
			isa = PBXGroup;
			children = (
				DB94F23D25235C7900DA0BA4 /* FannyCatsSwiftUI.app */,
			);
			name = Products;
			sourceTree = "<group>";
		};
		DB94F23F25235C7900DA0BA4 /* FannyCatsSwiftUI */ = {
			isa = PBXGroup;
			children = (
				DB94F24025235C7900DA0BA4 /* FannyCatsSwiftUIApp.swift */,
				DB318701252B5FA0001CB851 /* TabMenu.swift */,
				DB49FCF8253739F700E5220E /* Data */,
				DB49FCFA25373A6B00E5220E /* CatBreeds */,
				DB94F24425235C7D00DA0BA4 /* Assets.xcassets */,
				DB94F24925235C7D00DA0BA4 /* Info.plist */,
				DB94F24625235C7D00DA0BA4 /* Preview Content */,
			);
			path = FannyCatsSwiftUI;
			sourceTree = "<group>";
		};
		DB94F24625235C7D00DA0BA4 /* Preview Content */ = {
			isa = PBXGroup;
			children = (
				DB94F24725235C7D00DA0BA4 /* Preview Assets.xcassets */,
			);
			path = "Preview Content";
			sourceTree = "<group>";
		};
/* End PBXGroup section */

/* Begin PBXNativeTarget section */
		DB94F23C25235C7900DA0BA4 /* FannyCatsSwiftUI */ = {
			isa = PBXNativeTarget;
			buildConfigurationList = DB94F24C25235C7D00DA0BA4 /* Build configuration list for PBXNativeTarget "FannyCatsSwiftUI" */;
			buildPhases = (
				DB94F23925235C7900DA0BA4 /* Sources */,
				DB94F23A25235C7900DA0BA4 /* Frameworks */,
				DB94F23B25235C7900DA0BA4 /* Resources */,
			);
			buildRules = (
			);
			dependencies = (
			);
			name = FannyCatsSwiftUI;
			productName = FannyCatsSwiftUI;
			productReference = DB94F23D25235C7900DA0BA4 /* FannyCatsSwiftUI.app */;
			productType = "com.apple.product-type.application";
		};
/* End PBXNativeTarget section */

/* Begin PBXProject section */
		DB94F23525235C7800DA0BA4 /* Project object */ = {
			isa = PBXProject;
			attributes = {
				LastSwiftUpdateCheck = 1200;
				LastUpgradeCheck = 1200;
				TargetAttributes = {
					DB94F23C25235C7900DA0BA4 = {
						CreatedOnToolsVersion = 12.0.1;
					};
				};
			};
			buildConfigurationList = DB94F23825235C7800DA0BA4 /* Build configuration list for PBXProject "FannyCatsSwiftUI" */;
			compatibilityVersion = "Xcode 9.3";
			developmentRegion = en;
			hasScannedForEncodings = 0;
			knownRegions = (
				en,
				Base,
			);
			mainGroup = DB94F23425235C7800DA0BA4;
			productRefGroup = DB94F23E25235C7900DA0BA4 /* Products */;
			projectDirPath = "";
			projectRoot = "";
			targets = (
				DB94F23C25235C7900DA0BA4 /* FannyCatsSwiftUI */,
			);
		};
/* End PBXProject section */

/* Begin PBXResourcesBuildPhase section */
		DB94F23B25235C7900DA0BA4 /* Resources */ = {
			isa = PBXResourcesBuildPhase;
			buildActionMask = 2147483647;
			files = (
				DB94F24825235C7D00DA0BA4 /* Preview Assets.xcassets in Resources */,
				DB94F24525235C7D00DA0BA4 /* Assets.xcassets in Resources */,
			);
			runOnlyForDeploymentPostprocessing = 0;
		};
/* End PBXResourcesBuildPhase section */

/* Begin PBXSourcesBuildPhase section */
		DB94F23925235C7900DA0BA4 /* Sources */ = {
			isa = PBXSourcesBuildPhase;
			buildActionMask = 2147483647;
			files = (
				DBE8112D252CC2D300B4B666 /* LoadImage.swift in Sources */,
				DBE81131252CC56700B4B666 /* CatImage.swift in Sources */,
				DB94F25425235ED800DA0BA4 /* DataCatBreeds.swift in Sources */,
				DB318702252B5FA0001CB851 /* TabMenu.swift in Sources */,
				DBD0CD67252F5D4E00B60A50 /* CatBreedsDetail.swift in Sources */,
				DB3186F7252B3510001CB851 /* DataCat.swift in Sources */,
				DB94F257252369A400DA0BA4 /* CatBreedsRow.swift in Sources */,
				DB3186FE252B56DE001CB851 /* BreedsList.swift in Sources */,
				DB94F24125235C7900DA0BA4 /* FannyCatsSwiftUIApp.swift in Sources */,
				DBD0CD64252F578C00B60A50 /* WebView.swift in Sources */,
				DB94F25125235E9100DA0BA4 /* CatBreedsDataBaseModel.swift in Sources */,
				DB94F25B2523896F00DA0BA4 /* CatDataBaseModel.swift in Sources */,
			);
			runOnlyForDeploymentPostprocessing = 0;
		};
/* End PBXSourcesBuildPhase section */

/* Begin XCBuildConfiguration section */
		DB94F24A25235C7D00DA0BA4 /* Debug */ = {
			isa = XCBuildConfiguration;
			buildSettings = {
				ALWAYS_SEARCH_USER_PATHS = NO;
				CLANG_ANALYZER_NONNULL = YES;
				CLANG_ANALYZER_NUMBER_OBJECT_CONVERSION = YES_AGGRESSIVE;
				CLANG_CXX_LANGUAGE_STANDARD = "gnu++14";
				CLANG_CXX_LIBRARY = "libc++";
				CLANG_ENABLE_MODULES = YES;
				CLANG_ENABLE_OBJC_ARC = YES;
				CLANG_ENABLE_OBJC_WEAK = YES;
				CLANG_WARN_BLOCK_CAPTURE_AUTORELEASING = YES;
				CLANG_WARN_BOOL_CONVERSION = YES;
				CLANG_WARN_COMMA = YES;
				CLANG_WARN_CONSTANT_CONVERSION = YES;
				CLANG_WARN_DEPRECATED_OBJC_IMPLEMENTATIONS = YES;
				CLANG_WARN_DIRECT_OBJC_ISA_USAGE = YES_ERROR;
				CLANG_WARN_DOCUMENTATION_COMMENTS = YES;
				CLANG_WARN_EMPTY_BODY = YES;
				CLANG_WARN_ENUM_CONVERSION = YES;
				CLANG_WARN_INFINITE_RECURSION = YES;
				CLANG_WARN_INT_CONVERSION = YES;
				CLANG_WARN_NON_LITERAL_NULL_CONVERSION = YES;
				CLANG_WARN_OBJC_IMPLICIT_RETAIN_SELF = YES;
				CLANG_WARN_OBJC_LITERAL_CONVERSION = YES;
				CLANG_WARN_OBJC_ROOT_CLASS = YES_ERROR;
				CLANG_WARN_QUOTED_INCLUDE_IN_FRAMEWORK_HEADER = YES;
				CLANG_WARN_RANGE_LOOP_ANALYSIS = YES;
				CLANG_WARN_STRICT_PROTOTYPES = YES;
				CLANG_WARN_SUSPICIOUS_MOVE = YES;
				CLANG_WARN_UNGUARDED_AVAILABILITY = YES_AGGRESSIVE;
				CLANG_WARN_UNREACHABLE_CODE = YES;
				CLANG_WARN__DUPLICATE_METHOD_MATCH = YES;
				COPY_PHASE_STRIP = NO;
				DEBUG_INFORMATION_FORMAT = dwarf;
				ENABLE_STRICT_OBJC_MSGSEND = YES;
				ENABLE_TESTABILITY = YES;
				GCC_C_LANGUAGE_STANDARD = gnu11;
				GCC_DYNAMIC_NO_PIC = NO;
				GCC_NO_COMMON_BLOCKS = YES;
				GCC_OPTIMIZATION_LEVEL = 0;
				GCC_PREPROCESSOR_DEFINITIONS = (
					"DEBUG=1",
					"$(inherited)",
				);
				GCC_WARN_64_TO_32_BIT_CONVERSION = YES;
				GCC_WARN_ABOUT_RETURN_TYPE = YES_ERROR;
				GCC_WARN_UNDECLARED_SELECTOR = YES;
				GCC_WARN_UNINITIALIZED_AUTOS = YES_AGGRESSIVE;
				GCC_WARN_UNUSED_FUNCTION = YES;
				GCC_WARN_UNUSED_VARIABLE = YES;
				IPHONEOS_DEPLOYMENT_TARGET = 14.0;
				MTL_ENABLE_DEBUG_INFO = INCLUDE_SOURCE;
				MTL_FAST_MATH = YES;
				ONLY_ACTIVE_ARCH = YES;
				SDKROOT = iphoneos;
				SWIFT_ACTIVE_COMPILATION_CONDITIONS = DEBUG;
				SWIFT_OPTIMIZATION_LEVEL = "-Onone";
			};
			name = Debug;
		};
		DB94F24B25235C7D00DA0BA4 /* Release */ = {
			isa = XCBuildConfiguration;
			buildSettings = {
				ALWAYS_SEARCH_USER_PATHS = NO;
				CLANG_ANALYZER_NONNULL = YES;
				CLANG_ANALYZER_NUMBER_OBJECT_CONVERSION = YES_AGGRESSIVE;
				CLANG_CXX_LANGUAGE_STANDARD = "gnu++14";
				CLANG_CXX_LIBRARY = "libc++";
				CLANG_ENABLE_MODULES = YES;
				CLANG_ENABLE_OBJC_ARC = YES;
				CLANG_ENABLE_OBJC_WEAK = YES;
				CLANG_WARN_BLOCK_CAPTURE_AUTORELEASING = YES;
				CLANG_WARN_BOOL_CONVERSION = YES;
				CLANG_WARN_COMMA = YES;
				CLANG_WARN_CONSTANT_CONVERSION = YES;
				CLANG_WARN_DEPRECATED_OBJC_IMPLEMENTATIONS = YES;
				CLANG_WARN_DIRECT_OBJC_ISA_USAGE = YES_ERROR;
				CLANG_WARN_DOCUMENTATION_COMMENTS = YES;
				CLANG_WARN_EMPTY_BODY = YES;
				CLANG_WARN_ENUM_CONVERSION = YES;
				CLANG_WARN_INFINITE_RECURSION = YES;
				CLANG_WARN_INT_CONVERSION = YES;
				CLANG_WARN_NON_LITERAL_NULL_CONVERSION = YES;
				CLANG_WARN_OBJC_IMPLICIT_RETAIN_SELF = YES;
				CLANG_WARN_OBJC_LITERAL_CONVERSION = YES;
				CLANG_WARN_OBJC_ROOT_CLASS = YES_ERROR;
				CLANG_WARN_QUOTED_INCLUDE_IN_FRAMEWORK_HEADER = YES;
				CLANG_WARN_RANGE_LOOP_ANALYSIS = YES;
				CLANG_WARN_STRICT_PROTOTYPES = YES;
				CLANG_WARN_SUSPICIOUS_MOVE = YES;
				CLANG_WARN_UNGUARDED_AVAILABILITY = YES_AGGRESSIVE;
				CLANG_WARN_UNREACHABLE_CODE = YES;
				CLANG_WARN__DUPLICATE_METHOD_MATCH = YES;
				COPY_PHASE_STRIP = NO;
				DEBUG_INFORMATION_FORMAT = "dwarf-with-dsym";
				ENABLE_NS_ASSERTIONS = NO;
				ENABLE_STRICT_OBJC_MSGSEND = YES;
				GCC_C_LANGUAGE_STANDARD = gnu11;
				GCC_NO_COMMON_BLOCKS = YES;
				GCC_WARN_64_TO_32_BIT_CONVERSION = YES;
				GCC_WARN_ABOUT_RETURN_TYPE = YES_ERROR;
				GCC_WARN_UNDECLARED_SELECTOR = YES;
				GCC_WARN_UNINITIALIZED_AUTOS = YES_AGGRESSIVE;
				GCC_WARN_UNUSED_FUNCTION = YES;
				GCC_WARN_UNUSED_VARIABLE = YES;
				IPHONEOS_DEPLOYMENT_TARGET = 14.0;
				MTL_ENABLE_DEBUG_INFO = NO;
				MTL_FAST_MATH = YES;
				SDKROOT = iphoneos;
				SWIFT_COMPILATION_MODE = wholemodule;
				SWIFT_OPTIMIZATION_LEVEL = "-O";
				VALIDATE_PRODUCT = YES;
			};
			name = Release;
		};
		DB94F24D25235C7D00DA0BA4 /* Debug */ = {
			isa = XCBuildConfiguration;
			buildSettings = {
				ASSETCATALOG_COMPILER_APPICON_NAME = AppIcon;
				ASSETCATALOG_COMPILER_GLOBAL_ACCENT_COLOR_NAME = AccentColor;
				CODE_SIGN_STYLE = Automatic;
				DEVELOPMENT_ASSET_PATHS = "\"FannyCatsSwiftUI/Preview Content\"";
				DEVELOPMENT_TEAM = X8NNCQ3HW6;
				ENABLE_PREVIEWS = YES;
				INFOPLIST_FILE = FannyCatsSwiftUI/Info.plist;
				IPHONEOS_DEPLOYMENT_TARGET = 14.0;
				LD_RUNPATH_SEARCH_PATHS = (
					"$(inherited)",
					"@executable_path/Frameworks",
				);
				PRODUCT_BUNDLE_IDENTIFIER = "Oleksandr-Solokha.FannyCatsSwiftUI";
				PRODUCT_NAME = "$(TARGET_NAME)";
				SWIFT_VERSION = 5.0;
				TARGETED_DEVICE_FAMILY = "1,2";
			};
			name = Debug;
		};
		DB94F24E25235C7D00DA0BA4 /* Release */ = {
			isa = XCBuildConfiguration;
			buildSettings = {
				ASSETCATALOG_COMPILER_APPICON_NAME = AppIcon;
				ASSETCATALOG_COMPILER_GLOBAL_ACCENT_COLOR_NAME = AccentColor;
				CODE_SIGN_STYLE = Automatic;
				DEVELOPMENT_ASSET_PATHS = "\"FannyCatsSwiftUI/Preview Content\"";
				DEVELOPMENT_TEAM = X8NNCQ3HW6;
				ENABLE_PREVIEWS = YES;
				INFOPLIST_FILE = FannyCatsSwiftUI/Info.plist;
				IPHONEOS_DEPLOYMENT_TARGET = 14.0;
				LD_RUNPATH_SEARCH_PATHS = (
					"$(inherited)",
					"@executable_path/Frameworks",
				);
				PRODUCT_BUNDLE_IDENTIFIER = "Oleksandr-Solokha.FannyCatsSwiftUI";
				PRODUCT_NAME = "$(TARGET_NAME)";
				SWIFT_VERSION = 5.0;
				TARGETED_DEVICE_FAMILY = "1,2";
			};
			name = Release;
		};
/* End XCBuildConfiguration section */

/* Begin XCConfigurationList section */
		DB94F23825235C7800DA0BA4 /* Build configuration list for PBXProject "FannyCatsSwiftUI" */ = {
			isa = XCConfigurationList;
			buildConfigurations = (
				DB94F24A25235C7D00DA0BA4 /* Debug */,
				DB94F24B25235C7D00DA0BA4 /* Release */,
			);
			defaultConfigurationIsVisible = 0;
			defaultConfigurationName = Release;
		};
		DB94F24C25235C7D00DA0BA4 /* Build configuration list for PBXNativeTarget "FannyCatsSwiftUI" */ = {
			isa = XCConfigurationList;
			buildConfigurations = (
				DB94F24D25235C7D00DA0BA4 /* Debug */,
				DB94F24E25235C7D00DA0BA4 /* Release */,
			);
			defaultConfigurationIsVisible = 0;
			defaultConfigurationName = Release;
		};
/* End XCConfigurationList section */
	};
	rootObject = DB94F23525235C7800DA0BA4 /* Project object */;
}
