// !$*UTF8*$!
{
	archiveVersion = 1;
	classes = {
	};
	objectVersion = 50;
	objects = {

/* Begin PBXBuildFile section */
		DB077609253866C4003EB64A /* SearchBarView.swift in Sources */ = {isa = PBXBuildFile; fileRef = DB077608253866C4003EB64A /* SearchBarView.swift */; };
		DB08B9002582200C001E1026 /* WidgetKit.framework in Frameworks */ = {isa = PBXBuildFile; fileRef = DB08B8FF2582200C001E1026 /* WidgetKit.framework */; };
		DB08B9022582200C001E1026 /* SwiftUI.framework in Frameworks */ = {isa = PBXBuildFile; fileRef = DB08B9012582200C001E1026 /* SwiftUI.framework */; };
		DB08B9052582200C001E1026 /* WidgetFannyCatsSwiftUI.swift in Sources */ = {isa = PBXBuildFile; fileRef = DB08B9042582200C001E1026 /* WidgetFannyCatsSwiftUI.swift */; };
		DB08B9082582200F001E1026 /* Assets.xcassets in Resources */ = {isa = PBXBuildFile; fileRef = DB08B9072582200F001E1026 /* Assets.xcassets */; };
		DB08B90A2582200F001E1026 /* WidgetFannyCatsSwiftUI.intentdefinition in Sources */ = {isa = PBXBuildFile; fileRef = DB08B9062582200C001E1026 /* WidgetFannyCatsSwiftUI.intentdefinition */; };
		DB08B90B2582200F001E1026 /* WidgetFannyCatsSwiftUI.intentdefinition in Sources */ = {isa = PBXBuildFile; fileRef = DB08B9062582200C001E1026 /* WidgetFannyCatsSwiftUI.intentdefinition */; };
		DB08B90E2582200F001E1026 /* WidgetFannyCatsSwiftUIExtension.appex in Embed App Extensions */ = {isa = PBXBuildFile; fileRef = DB08B8FD2582200C001E1026 /* WidgetFannyCatsSwiftUIExtension.appex */; settings = {ATTRIBUTES = (RemoveHeadersOnCopy, ); }; };
		DB08B915258226B7001E1026 /* CatImage.swift in Sources */ = {isa = PBXBuildFile; fileRef = DBE81130252CC56700B4B666 /* CatImage.swift */; };
		DB08B918258226C1001E1026 /* CatBreedsDataBaseModel.swift in Sources */ = {isa = PBXBuildFile; fileRef = DB94F25025235E9100DA0BA4 /* CatBreedsDataBaseModel.swift */; };
		DB08B91B258226C5001E1026 /* CatDataBaseModel.swift in Sources */ = {isa = PBXBuildFile; fileRef = DB94F25A2523896F00DA0BA4 /* CatDataBaseModel.swift */; };
		DB08B91E258226C8001E1026 /* DataCatBreeds.swift in Sources */ = {isa = PBXBuildFile; fileRef = DB94F25325235ED800DA0BA4 /* DataCatBreeds.swift */; };
		DB08B924258226D5001E1026 /* LoadImage.swift in Sources */ = {isa = PBXBuildFile; fileRef = DBE8112C252CC2D300B4B666 /* LoadImage.swift */; };
		DB08B92B25822E13001E1026 /* FannyCatsWidgetView.swift in Sources */ = {isa = PBXBuildFile; fileRef = DB08B92725822730001E1026 /* FannyCatsWidgetView.swift */; };
		DB08B933258266C3001E1026 /* GuessCatModel.swift in Sources */ = {isa = PBXBuildFile; fileRef = DB08B932258266C3001E1026 /* GuessCatModel.swift */; };
		DB0D345B253EF9F800757E67 /* CatGallery.swift in Sources */ = {isa = PBXBuildFile; fileRef = DB0D345A253EF9F800757E67 /* CatGallery.swift */; };
		DB0D345F253F0D3700757E67 /* GalleryImage.swift in Sources */ = {isa = PBXBuildFile; fileRef = DB0D345E253F0D3700757E67 /* GalleryImage.swift */; };
		DB1F419B2577A1C80000EA98 /* ShareSheet.swift in Sources */ = {isa = PBXBuildFile; fileRef = DB1F419A2577A1C80000EA98 /* ShareSheet.swift */; };
		DB3186FE252B56DE001CB851 /* BreedsList.swift in Sources */ = {isa = PBXBuildFile; fileRef = DB3186FD252B56DE001CB851 /* BreedsList.swift */; };
		DB318702252B5FA0001CB851 /* TabMenu.swift in Sources */ = {isa = PBXBuildFile; fileRef = DB318701252B5FA0001CB851 /* TabMenu.swift */; };
		DB34C0AC255BCBD50093260E /* CatImageDetail.swift in Sources */ = {isa = PBXBuildFile; fileRef = DB34C0AB255BCBD50093260E /* CatImageDetail.swift */; };
		DB8AD6DB253DD0830045986B /* GuessCat.swift in Sources */ = {isa = PBXBuildFile; fileRef = DB8AD6DA253DD0830045986B /* GuessCat.swift */; };
		DB94F24125235C7900DA0BA4 /* FannyCatsSwiftUIApp.swift in Sources */ = {isa = PBXBuildFile; fileRef = DB94F24025235C7900DA0BA4 /* FannyCatsSwiftUIApp.swift */; };
		DB94F24525235C7D00DA0BA4 /* Assets.xcassets in Resources */ = {isa = PBXBuildFile; fileRef = DB94F24425235C7D00DA0BA4 /* Assets.xcassets */; };
		DB94F24825235C7D00DA0BA4 /* Preview Assets.xcassets in Resources */ = {isa = PBXBuildFile; fileRef = DB94F24725235C7D00DA0BA4 /* Preview Assets.xcassets */; };
		DB94F25125235E9100DA0BA4 /* CatBreedsDataBaseModel.swift in Sources */ = {isa = PBXBuildFile; fileRef = DB94F25025235E9100DA0BA4 /* CatBreedsDataBaseModel.swift */; };
		DB94F25425235ED800DA0BA4 /* DataCatBreeds.swift in Sources */ = {isa = PBXBuildFile; fileRef = DB94F25325235ED800DA0BA4 /* DataCatBreeds.swift */; };
		DB94F257252369A400DA0BA4 /* CatBreedsRow.swift in Sources */ = {isa = PBXBuildFile; fileRef = DB94F256252369A400DA0BA4 /* CatBreedsRow.swift */; };
		DB94F25B2523896F00DA0BA4 /* CatDataBaseModel.swift in Sources */ = {isa = PBXBuildFile; fileRef = DB94F25A2523896F00DA0BA4 /* CatDataBaseModel.swift */; };
		DBD0CD64252F578C00B60A50 /* WebView.swift in Sources */ = {isa = PBXBuildFile; fileRef = DBD0CD63252F578B00B60A50 /* WebView.swift */; };
		DBD0CD67252F5D4E00B60A50 /* CatBreedsDetail.swift in Sources */ = {isa = PBXBuildFile; fileRef = DBD0CD66252F5D4E00B60A50 /* CatBreedsDetail.swift */; };
		DBE8112D252CC2D300B4B666 /* LoadImage.swift in Sources */ = {isa = PBXBuildFile; fileRef = DBE8112C252CC2D300B4B666 /* LoadImage.swift */; };
		DBE81131252CC56700B4B666 /* CatImage.swift in Sources */ = {isa = PBXBuildFile; fileRef = DBE81130252CC56700B4B666 /* CatImage.swift */; };
/* End PBXBuildFile section */

/* Begin PBXContainerItemProxy section */
		DB08B90C2582200F001E1026 /* PBXContainerItemProxy */ = {
			isa = PBXContainerItemProxy;
			containerPortal = DB94F23525235C7800DA0BA4 /* Project object */;
			proxyType = 1;
			remoteGlobalIDString = DB08B8FC2582200C001E1026;
			remoteInfo = WidgetFannyCatsSwiftUIExtension;
		};
/* End PBXContainerItemProxy section */

/* Begin PBXCopyFilesBuildPhase section */
		DB08B90F2582200F001E1026 /* Embed App Extensions */ = {
			isa = PBXCopyFilesBuildPhase;
			buildActionMask = 2147483647;
			dstPath = "";
			dstSubfolderSpec = 13;
			files = (
				DB08B90E2582200F001E1026 /* WidgetFannyCatsSwiftUIExtension.appex in Embed App Extensions */,
			);
			name = "Embed App Extensions";
			runOnlyForDeploymentPostprocessing = 0;
		};
/* End PBXCopyFilesBuildPhase section */

/* Begin PBXFileReference section */
		DB077608253866C4003EB64A /* SearchBarView.swift */ = {isa = PBXFileReference; lastKnownFileType = sourcecode.swift; path = SearchBarView.swift; sourceTree = "<group>"; };
		DB08B8FD2582200C001E1026 /* WidgetFannyCatsSwiftUIExtension.appex */ = {isa = PBXFileReference; explicitFileType = "wrapper.app-extension"; includeInIndex = 0; path = WidgetFannyCatsSwiftUIExtension.appex; sourceTree = BUILT_PRODUCTS_DIR; };
		DB08B8FF2582200C001E1026 /* WidgetKit.framework */ = {isa = PBXFileReference; lastKnownFileType = wrapper.framework; name = WidgetKit.framework; path = System/Library/Frameworks/WidgetKit.framework; sourceTree = SDKROOT; };
		DB08B9012582200C001E1026 /* SwiftUI.framework */ = {isa = PBXFileReference; lastKnownFileType = wrapper.framework; name = SwiftUI.framework; path = System/Library/Frameworks/SwiftUI.framework; sourceTree = SDKROOT; };
		DB08B9042582200C001E1026 /* WidgetFannyCatsSwiftUI.swift */ = {isa = PBXFileReference; lastKnownFileType = sourcecode.swift; path = WidgetFannyCatsSwiftUI.swift; sourceTree = "<group>"; };
		DB08B9062582200C001E1026 /* WidgetFannyCatsSwiftUI.intentdefinition */ = {isa = PBXFileReference; lastKnownFileType = file.intentdefinition; path = WidgetFannyCatsSwiftUI.intentdefinition; sourceTree = "<group>"; };
		DB08B9072582200F001E1026 /* Assets.xcassets */ = {isa = PBXFileReference; lastKnownFileType = folder.assetcatalog; path = Assets.xcassets; sourceTree = "<group>"; };
		DB08B9092582200F001E1026 /* Info.plist */ = {isa = PBXFileReference; lastKnownFileType = text.plist.xml; path = Info.plist; sourceTree = "<group>"; };
		DB08B92725822730001E1026 /* FannyCatsWidgetView.swift */ = {isa = PBXFileReference; lastKnownFileType = sourcecode.swift; path = FannyCatsWidgetView.swift; sourceTree = "<group>"; };
		DB08B932258266C3001E1026 /* GuessCatModel.swift */ = {isa = PBXFileReference; lastKnownFileType = sourcecode.swift; path = GuessCatModel.swift; sourceTree = "<group>"; };
		DB0D345A253EF9F800757E67 /* CatGallery.swift */ = {isa = PBXFileReference; lastKnownFileType = sourcecode.swift; path = CatGallery.swift; sourceTree = "<group>"; };
		DB0D345E253F0D3700757E67 /* GalleryImage.swift */ = {isa = PBXFileReference; lastKnownFileType = sourcecode.swift; path = GalleryImage.swift; sourceTree = "<group>"; };
		DB1F419A2577A1C80000EA98 /* ShareSheet.swift */ = {isa = PBXFileReference; lastKnownFileType = sourcecode.swift; path = ShareSheet.swift; sourceTree = "<group>"; };
		DB3186FD252B56DE001CB851 /* BreedsList.swift */ = {isa = PBXFileReference; lastKnownFileType = sourcecode.swift; path = BreedsList.swift; sourceTree = "<group>"; };
		DB318701252B5FA0001CB851 /* TabMenu.swift */ = {isa = PBXFileReference; lastKnownFileType = sourcecode.swift; path = TabMenu.swift; sourceTree = "<group>"; };
		DB34C0AB255BCBD50093260E /* CatImageDetail.swift */ = {isa = PBXFileReference; lastKnownFileType = sourcecode.swift; path = CatImageDetail.swift; sourceTree = "<group>"; };
		DB8AD6DA253DD0830045986B /* GuessCat.swift */ = {isa = PBXFileReference; lastKnownFileType = sourcecode.swift; path = GuessCat.swift; sourceTree = "<group>"; };
		DB94F23D25235C7900DA0BA4 /* FannyCatsSwiftUI.app */ = {isa = PBXFileReference; explicitFileType = wrapper.application; includeInIndex = 0; path = FannyCatsSwiftUI.app; sourceTree = BUILT_PRODUCTS_DIR; };
		DB94F24025235C7900DA0BA4 /* FannyCatsSwiftUIApp.swift */ = {isa = PBXFileReference; lastKnownFileType = sourcecode.swift; path = FannyCatsSwiftUIApp.swift; sourceTree = "<group>"; };
		DB94F24425235C7D00DA0BA4 /* Assets.xcassets */ = {isa = PBXFileReference; lastKnownFileType = folder.assetcatalog; path = Assets.xcassets; sourceTree = "<group>"; };
		DB94F24725235C7D00DA0BA4 /* Preview Assets.xcassets */ = {isa = PBXFileReference; lastKnownFileType = folder.assetcatalog; path = "Preview Assets.xcassets"; sourceTree = "<group>"; };
		DB94F24925235C7D00DA0BA4 /* Info.plist */ = {isa = PBXFileReference; lastKnownFileType = text.plist.xml; path = Info.plist; sourceTree = "<group>"; };
		DB94F25025235E9100DA0BA4 /* CatBreedsDataBaseModel.swift */ = {isa = PBXFileReference; fileEncoding = 4; lastKnownFileType = sourcecode.swift; path = CatBreedsDataBaseModel.swift; sourceTree = "<group>"; };
		DB94F25325235ED800DA0BA4 /* DataCatBreeds.swift */ = {isa = PBXFileReference; lastKnownFileType = sourcecode.swift; path = DataCatBreeds.swift; sourceTree = "<group>"; };
		DB94F256252369A400DA0BA4 /* CatBreedsRow.swift */ = {isa = PBXFileReference; lastKnownFileType = sourcecode.swift; path = CatBreedsRow.swift; sourceTree = "<group>"; };
		DB94F25A2523896F00DA0BA4 /* CatDataBaseModel.swift */ = {isa = PBXFileReference; fileEncoding = 4; lastKnownFileType = sourcecode.swift; path = CatDataBaseModel.swift; sourceTree = "<group>"; };
		DBD0CD63252F578B00B60A50 /* WebView.swift */ = {isa = PBXFileReference; lastKnownFileType = sourcecode.swift; path = WebView.swift; sourceTree = "<group>"; };
		DBD0CD66252F5D4E00B60A50 /* CatBreedsDetail.swift */ = {isa = PBXFileReference; lastKnownFileType = sourcecode.swift; path = CatBreedsDetail.swift; sourceTree = "<group>"; };
		DBE8112C252CC2D300B4B666 /* LoadImage.swift */ = {isa = PBXFileReference; lastKnownFileType = sourcecode.swift; path = LoadImage.swift; sourceTree = "<group>"; };
		DBE81130252CC56700B4B666 /* CatImage.swift */ = {isa = PBXFileReference; lastKnownFileType = sourcecode.swift; path = CatImage.swift; sourceTree = "<group>"; };
/* End PBXFileReference section */

/* Begin PBXFrameworksBuildPhase section */
		DB08B8FA2582200C001E1026 /* Frameworks */ = {
			isa = PBXFrameworksBuildPhase;
			buildActionMask = 2147483647;
			files = (
				DB08B9022582200C001E1026 /* SwiftUI.framework in Frameworks */,
				DB08B9002582200C001E1026 /* WidgetKit.framework in Frameworks */,
			);
			runOnlyForDeploymentPostprocessing = 0;
		};
		DB94F23A25235C7900DA0BA4 /* Frameworks */ = {
			isa = PBXFrameworksBuildPhase;
			buildActionMask = 2147483647;
			files = (
			);
			runOnlyForDeploymentPostprocessing = 0;
		};
/* End PBXFrameworksBuildPhase section */

/* Begin PBXGroup section */
		DB08B8FE2582200C001E1026 /* Frameworks */ = {
			isa = PBXGroup;
			children = (
				DB08B8FF2582200C001E1026 /* WidgetKit.framework */,
				DB08B9012582200C001E1026 /* SwiftUI.framework */,
			);
			name = Frameworks;
			sourceTree = "<group>";
		};
		DB08B9032582200C001E1026 /* WidgetFannyCatsSwiftUI */ = {
			isa = PBXGroup;
			children = (
				DB08B9042582200C001E1026 /* WidgetFannyCatsSwiftUI.swift */,
				DB08B92725822730001E1026 /* FannyCatsWidgetView.swift */,
				DB08B9062582200C001E1026 /* WidgetFannyCatsSwiftUI.intentdefinition */,
				DB08B9072582200F001E1026 /* Assets.xcassets */,
				DB08B9092582200F001E1026 /* Info.plist */,
			);
			path = WidgetFannyCatsSwiftUI;
			sourceTree = "<group>";
		};
		DB0D3459253EF9C400757E67 /* CatGallery */ = {
			isa = PBXGroup;
			children = (
				DB0D345A253EF9F800757E67 /* CatGallery.swift */,
				DB0D345E253F0D3700757E67 /* GalleryImage.swift */,
				DB34C0AB255BCBD50093260E /* CatImageDetail.swift */,
				DB1F419A2577A1C80000EA98 /* ShareSheet.swift */,
			);
			path = CatGallery;
			sourceTree = "<group>";
		};
		DB49FCF8253739F700E5220E /* Data */ = {
			isa = PBXGroup;
			children = (
				DB94F25025235E9100DA0BA4 /* CatBreedsDataBaseModel.swift */,
				DB94F25A2523896F00DA0BA4 /* CatDataBaseModel.swift */,
				DB94F25325235ED800DA0BA4 /* DataCatBreeds.swift */,
				DBE8112C252CC2D300B4B666 /* LoadImage.swift */,
			);
			path = Data;
			sourceTree = "<group>";
		};
		DB49FCFA25373A6B00E5220E /* CatBreeds */ = {
			isa = PBXGroup;
			children = (
				DB3186FD252B56DE001CB851 /* BreedsList.swift */,
				DB94F256252369A400DA0BA4 /* CatBreedsRow.swift */,
				DBE81130252CC56700B4B666 /* CatImage.swift */,
				DB077608253866C4003EB64A /* SearchBarView.swift */,
				DBD0CD66252F5D4E00B60A50 /* CatBreedsDetail.swift */,
				DBD0CD63252F578B00B60A50 /* WebView.swift */,
			);
			path = CatBreeds;
			sourceTree = "<group>";
		};
		DB8AD6D9253DD0360045986B /* GuessCat */ = {
			isa = PBXGroup;
			children = (
				DB8AD6DA253DD0830045986B /* GuessCat.swift */,
				DB08B932258266C3001E1026 /* GuessCatModel.swift */,
			);
			path = GuessCat;
			sourceTree = "<group>";
		};
		DB94F23425235C7800DA0BA4 = {
			isa = PBXGroup;
			children = (
				DB94F23F25235C7900DA0BA4 /* FannyCatsSwiftUI */,
				DB08B9032582200C001E1026 /* WidgetFannyCatsSwiftUI */,
				DB08B8FE2582200C001E1026 /* Frameworks */,
				DB94F23E25235C7900DA0BA4 /* Products */,
			);
			sourceTree = "<group>";
		};
		DB94F23E25235C7900DA0BA4 /* Products */ = {
			isa = PBXGroup;
			children = (
				DB94F23D25235C7900DA0BA4 /* FannyCatsSwiftUI.app */,
				DB08B8FD2582200C001E1026 /* WidgetFannyCatsSwiftUIExtension.appex */,
			);
			name = Products;
			sourceTree = "<group>";
		};
		DB94F23F25235C7900DA0BA4 /* FannyCatsSwiftUI */ = {
			isa = PBXGroup;
			children = (
				DB94F24025235C7900DA0BA4 /* FannyCatsSwiftUIApp.swift */,
				DB318701252B5FA0001CB851 /* TabMenu.swift */,
				DB49FCF8253739F700E5220E /* Data */,
				DB49FCFA25373A6B00E5220E /* CatBreeds */,
				DB8AD6D9253DD0360045986B /* GuessCat */,
				DB0D3459253EF9C400757E67 /* CatGallery */,
				DB94F24425235C7D00DA0BA4 /* Assets.xcassets */,
				DB94F24925235C7D00DA0BA4 /* Info.plist */,
				DB94F24625235C7D00DA0BA4 /* Preview Content */,
			);
			path = FannyCatsSwiftUI;
			sourceTree = "<group>";
		};
		DB94F24625235C7D00DA0BA4 /* Preview Content */ = {
			isa = PBXGroup;
			children = (
				DB94F24725235C7D00DA0BA4 /* Preview Assets.xcassets */,
			);
			path = "Preview Content";
			sourceTree = "<group>";
		};
/* End PBXGroup section */

/* Begin PBXNativeTarget section */
		DB08B8FC2582200C001E1026 /* WidgetFannyCatsSwiftUIExtension */ = {
			isa = PBXNativeTarget;
			buildConfigurationList = DB08B9122582200F001E1026 /* Build configuration list for PBXNativeTarget "WidgetFannyCatsSwiftUIExtension" */;
			buildPhases = (
				DB08B8F92582200C001E1026 /* Sources */,
				DB08B8FA2582200C001E1026 /* Frameworks */,
				DB08B8FB2582200C001E1026 /* Resources */,
			);
			buildRules = (
			);
			dependencies = (
			);
			name = WidgetFannyCatsSwiftUIExtension;
			productName = WidgetFannyCatsSwiftUIExtension;
			productReference = DB08B8FD2582200C001E1026 /* WidgetFannyCatsSwiftUIExtension.appex */;
			productType = "com.apple.product-type.app-extension";
		};
		DB94F23C25235C7900DA0BA4 /* FannyCatsSwiftUI */ = {
			isa = PBXNativeTarget;
			buildConfigurationList = DB94F24C25235C7D00DA0BA4 /* Build configuration list for PBXNativeTarget "FannyCatsSwiftUI" */;
			buildPhases = (
				DB94F23925235C7900DA0BA4 /* Sources */,
				DB94F23A25235C7900DA0BA4 /* Frameworks */,
				DB94F23B25235C7900DA0BA4 /* Resources */,
				DB08B90F2582200F001E1026 /* Embed App Extensions */,
			);
			buildRules = (
			);
			dependencies = (
				DB08B90D2582200F001E1026 /* PBXTargetDependency */,
			);
			name = FannyCatsSwiftUI;
			productName = FannyCatsSwiftUI;
			productReference = DB94F23D25235C7900DA0BA4 /* FannyCatsSwiftUI.app */;
			productType = "com.apple.product-type.application";
		};
/* End PBXNativeTarget section */

/* Begin PBXProject section */
		DB94F23525235C7800DA0BA4 /* Project object */ = {
			isa = PBXProject;
			attributes = {
				LastSwiftUpdateCheck = 1220;
				LastUpgradeCheck = 1200;
				TargetAttributes = {
					DB08B8FC2582200C001E1026 = {
						CreatedOnToolsVersion = 12.2;
					};
					DB94F23C25235C7900DA0BA4 = {
						CreatedOnToolsVersion = 12.0.1;
					};
				};
			};
			buildConfigurationList = DB94F23825235C7800DA0BA4 /* Build configuration list for PBXProject "FannyCatsSwiftUI" */;
			compatibilityVersion = "Xcode 9.3";
			developmentRegion = en;
			hasScannedForEncodings = 0;
			knownRegions = (
				en,
				Base,
			);
			mainGroup = DB94F23425235C7800DA0BA4;
			productRefGroup = DB94F23E25235C7900DA0BA4 /* Products */;
			projectDirPath = "";
			projectRoot = "";
			targets = (
				DB94F23C25235C7900DA0BA4 /* FannyCatsSwiftUI */,
				DB08B8FC2582200C001E1026 /* WidgetFannyCatsSwiftUIExtension */,
			);
		};
/* End PBXProject section */

/* Begin PBXResourcesBuildPhase section */
		DB08B8FB2582200C001E1026 /* Resources */ = {
			isa = PBXResourcesBuildPhase;
			buildActionMask = 2147483647;
			files = (
				DB08B9082582200F001E1026 /* Assets.xcassets in Resources */,
			);
			runOnlyForDeploymentPostprocessing = 0;
		};
		DB94F23B25235C7900DA0BA4 /* Resources */ = {
			isa = PBXResourcesBuildPhase;
			buildActionMask = 2147483647;
			files = (
				DB94F24825235C7D00DA0BA4 /* Preview Assets.xcassets in Resources */,
				DB94F24525235C7D00DA0BA4 /* Assets.xcassets in Resources */,
			);
			runOnlyForDeploymentPostprocessing = 0;
		};
/* End PBXResourcesBuildPhase section */

/* Begin PBXSourcesBuildPhase section */
		DB08B8F92582200C001E1026 /* Sources */ = {
			isa = PBXSourcesBuildPhase;
			buildActionMask = 2147483647;
			files = (
				DB08B90A2582200F001E1026 /* WidgetFannyCatsSwiftUI.intentdefinition in Sources */,
				DB08B915258226B7001E1026 /* CatImage.swift in Sources */,
				DB08B92B25822E13001E1026 /* FannyCatsWidgetView.swift in Sources */,
				DB08B918258226C1001E1026 /* CatBreedsDataBaseModel.swift in Sources */,
				DB08B91E258226C8001E1026 /* DataCatBreeds.swift in Sources */,
				DB08B924258226D5001E1026 /* LoadImage.swift in Sources */,
				DB08B91B258226C5001E1026 /* CatDataBaseModel.swift in Sources */,
				DB08B9052582200C001E1026 /* WidgetFannyCatsSwiftUI.swift in Sources */,
			);
			runOnlyForDeploymentPostprocessing = 0;
		};
		DB94F23925235C7900DA0BA4 /* Sources */ = {
			isa = PBXSourcesBuildPhase;
			buildActionMask = 2147483647;
			files = (
				DB08B933258266C3001E1026 /* GuessCatModel.swift in Sources */,
				DB0D345F253F0D3700757E67 /* GalleryImage.swift in Sources */,
				DBE8112D252CC2D300B4B666 /* LoadImage.swift in Sources */,
				DBE81131252CC56700B4B666 /* CatImage.swift in Sources */,
				DB94F25425235ED800DA0BA4 /* DataCatBreeds.swift in Sources */,
				DB318702252B5FA0001CB851 /* TabMenu.swift in Sources */,
				DB34C0AC255BCBD50093260E /* CatImageDetail.swift in Sources */,
				DBD0CD67252F5D4E00B60A50 /* CatBreedsDetail.swift in Sources */,
				DB1F419B2577A1C80000EA98 /* ShareSheet.swift in Sources */,
				DB0D345B253EF9F800757E67 /* CatGallery.swift in Sources */,
				DB94F257252369A400DA0BA4 /* CatBreedsRow.swift in Sources */,
				DB3186FE252B56DE001CB851 /* BreedsList.swift in Sources */,
				DB94F24125235C7900DA0BA4 /* FannyCatsSwiftUIApp.swift in Sources */,
				DB077609253866C4003EB64A /* SearchBarView.swift in Sources */,
				DB8AD6DB253DD0830045986B /* GuessCat.swift in Sources */,
				DB08B90B2582200F001E1026 /* WidgetFannyCatsSwiftUI.intentdefinition in Sources */,
				DBD0CD64252F578C00B60A50 /* WebView.swift in Sources */,
				DB94F25125235E9100DA0BA4 /* CatBreedsDataBaseModel.swift in Sources */,
				DB94F25B2523896F00DA0BA4 /* CatDataBaseModel.swift in Sources */,
			);
			runOnlyForDeploymentPostprocessing = 0;
		};
/* End PBXSourcesBuildPhase section */

/* Begin PBXTargetDependency section */
		DB08B90D2582200F001E1026 /* PBXTargetDependency */ = {
			isa = PBXTargetDependency;
			target = DB08B8FC2582200C001E1026 /* WidgetFannyCatsSwiftUIExtension */;
			targetProxy = DB08B90C2582200F001E1026 /* PBXContainerItemProxy */;
		};
/* End PBXTargetDependency section */

/* Begin XCBuildConfiguration section */
		DB08B9102582200F001E1026 /* Debug */ = {
			isa = XCBuildConfiguration;
			buildSettings = {
				ASSETCATALOG_COMPILER_GLOBAL_ACCENT_COLOR_NAME = AccentColor;
				ASSETCATALOG_COMPILER_WIDGET_BACKGROUND_COLOR_NAME = WidgetBackground;
				CODE_SIGN_STYLE = Automatic;
				DEVELOPMENT_TEAM = X8NNCQ3HW6;
				INFOPLIST_FILE = WidgetFannyCatsSwiftUI/Info.plist;
				IPHONEOS_DEPLOYMENT_TARGET = 14.2;
				LD_RUNPATH_SEARCH_PATHS = (
					"$(inherited)",
					"@executable_path/Frameworks",
					"@executable_path/../../Frameworks",
				);
				PRODUCT_BUNDLE_IDENTIFIER = "Oleksandr-Solokha.FannyCatsSwiftUI.WidgetFannyCatsSwiftUI";
				PRODUCT_NAME = "$(TARGET_NAME)";
				SKIP_INSTALL = YES;
				SWIFT_VERSION = 5.0;
				TARGETED_DEVICE_FAMILY = "1,2";
			};
			name = Debug;
		};
		DB08B9112582200F001E1026 /* Release */ = {
			isa = XCBuildConfiguration;
			buildSettings = {
				ASSETCATALOG_COMPILER_GLOBAL_ACCENT_COLOR_NAME = AccentColor;
				ASSETCATALOG_COMPILER_WIDGET_BACKGROUND_COLOR_NAME = WidgetBackground;
				CODE_SIGN_STYLE = Automatic;
				DEVELOPMENT_TEAM = X8NNCQ3HW6;
				INFOPLIST_FILE = WidgetFannyCatsSwiftUI/Info.plist;
				IPHONEOS_DEPLOYMENT_TARGET = 14.2;
				LD_RUNPATH_SEARCH_PATHS = (
					"$(inherited)",
					"@executable_path/Frameworks",
					"@executable_path/../../Frameworks",
				);
				PRODUCT_BUNDLE_IDENTIFIER = "Oleksandr-Solokha.FannyCatsSwiftUI.WidgetFannyCatsSwiftUI";
				PRODUCT_NAME = "$(TARGET_NAME)";
				SKIP_INSTALL = YES;
				SWIFT_VERSION = 5.0;
				TARGETED_DEVICE_FAMILY = "1,2";
			};
			name = Release;
		};
		DB94F24A25235C7D00DA0BA4 /* Debug */ = {
			isa = XCBuildConfiguration;
			buildSettings = {
				ALWAYS_SEARCH_USER_PATHS = NO;
				CLANG_ANALYZER_NONNULL = YES;
				CLANG_ANALYZER_NUMBER_OBJECT_CONVERSION = YES_AGGRESSIVE;
				CLANG_CXX_LANGUAGE_STANDARD = "gnu++14";
				CLANG_CXX_LIBRARY = "libc++";
				CLANG_ENABLE_MODULES = YES;
				CLANG_ENABLE_OBJC_ARC = YES;
				CLANG_ENABLE_OBJC_WEAK = YES;
				CLANG_WARN_BLOCK_CAPTURE_AUTORELEASING = YES;
				CLANG_WARN_BOOL_CONVERSION = YES;
				CLANG_WARN_COMMA = YES;
				CLANG_WARN_CONSTANT_CONVERSION = YES;
				CLANG_WARN_DEPRECATED_OBJC_IMPLEMENTATIONS = YES;
				CLANG_WARN_DIRECT_OBJC_ISA_USAGE = YES_ERROR;
				CLANG_WARN_DOCUMENTATION_COMMENTS = YES;
				CLANG_WARN_EMPTY_BODY = YES;
				CLANG_WARN_ENUM_CONVERSION = YES;
				CLANG_WARN_INFINITE_RECURSION = YES;
				CLANG_WARN_INT_CONVERSION = YES;
				CLANG_WARN_NON_LITERAL_NULL_CONVERSION = YES;
				CLANG_WARN_OBJC_IMPLICIT_RETAIN_SELF = YES;
				CLANG_WARN_OBJC_LITERAL_CONVERSION = YES;
				CLANG_WARN_OBJC_ROOT_CLASS = YES_ERROR;
				CLANG_WARN_QUOTED_INCLUDE_IN_FRAMEWORK_HEADER = YES;
				CLANG_WARN_RANGE_LOOP_ANALYSIS = YES;
				CLANG_WARN_STRICT_PROTOTYPES = YES;
				CLANG_WARN_SUSPICIOUS_MOVE = YES;
				CLANG_WARN_UNGUARDED_AVAILABILITY = YES_AGGRESSIVE;
				CLANG_WARN_UNREACHABLE_CODE = YES;
				CLANG_WARN__DUPLICATE_METHOD_MATCH = YES;
				COPY_PHASE_STRIP = NO;
				DEBUG_INFORMATION_FORMAT = dwarf;
				ENABLE_STRICT_OBJC_MSGSEND = YES;
				ENABLE_TESTABILITY = YES;
				GCC_C_LANGUAGE_STANDARD = gnu11;
				GCC_DYNAMIC_NO_PIC = NO;
				GCC_NO_COMMON_BLOCKS = YES;
				GCC_OPTIMIZATION_LEVEL = 0;
				GCC_PREPROCESSOR_DEFINITIONS = (
					"DEBUG=1",
					"$(inherited)",
				);
				GCC_WARN_64_TO_32_BIT_CONVERSION = YES;
				GCC_WARN_ABOUT_RETURN_TYPE = YES_ERROR;
				GCC_WARN_UNDECLARED_SELECTOR = YES;
				GCC_WARN_UNINITIALIZED_AUTOS = YES_AGGRESSIVE;
				GCC_WARN_UNUSED_FUNCTION = YES;
				GCC_WARN_UNUSED_VARIABLE = YES;
				IPHONEOS_DEPLOYMENT_TARGET = 14.0;
				MTL_ENABLE_DEBUG_INFO = INCLUDE_SOURCE;
				MTL_FAST_MATH = YES;
				ONLY_ACTIVE_ARCH = YES;
				SDKROOT = iphoneos;
				SWIFT_ACTIVE_COMPILATION_CONDITIONS = DEBUG;
				SWIFT_OPTIMIZATION_LEVEL = "-Onone";
			};
			name = Debug;
		};
		DB94F24B25235C7D00DA0BA4 /* Release */ = {
			isa = XCBuildConfiguration;
			buildSettings = {
				ALWAYS_SEARCH_USER_PATHS = NO;
				CLANG_ANALYZER_NONNULL = YES;
				CLANG_ANALYZER_NUMBER_OBJECT_CONVERSION = YES_AGGRESSIVE;
				CLANG_CXX_LANGUAGE_STANDARD = "gnu++14";
				CLANG_CXX_LIBRARY = "libc++";
				CLANG_ENABLE_MODULES = YES;
				CLANG_ENABLE_OBJC_ARC = YES;
				CLANG_ENABLE_OBJC_WEAK = YES;
				CLANG_WARN_BLOCK_CAPTURE_AUTORELEASING = YES;
				CLANG_WARN_BOOL_CONVERSION = YES;
				CLANG_WARN_COMMA = YES;
				CLANG_WARN_CONSTANT_CONVERSION = YES;
				CLANG_WARN_DEPRECATED_OBJC_IMPLEMENTATIONS = YES;
				CLANG_WARN_DIRECT_OBJC_ISA_USAGE = YES_ERROR;
				CLANG_WARN_DOCUMENTATION_COMMENTS = YES;
				CLANG_WARN_EMPTY_BODY = YES;
				CLANG_WARN_ENUM_CONVERSION = YES;
				CLANG_WARN_INFINITE_RECURSION = YES;
				CLANG_WARN_INT_CONVERSION = YES;
				CLANG_WARN_NON_LITERAL_NULL_CONVERSION = YES;
				CLANG_WARN_OBJC_IMPLICIT_RETAIN_SELF = YES;
				CLANG_WARN_OBJC_LITERAL_CONVERSION = YES;
				CLANG_WARN_OBJC_ROOT_CLASS = YES_ERROR;
				CLANG_WARN_QUOTED_INCLUDE_IN_FRAMEWORK_HEADER = YES;
				CLANG_WARN_RANGE_LOOP_ANALYSIS = YES;
				CLANG_WARN_STRICT_PROTOTYPES = YES;
				CLANG_WARN_SUSPICIOUS_MOVE = YES;
				CLANG_WARN_UNGUARDED_AVAILABILITY = YES_AGGRESSIVE;
				CLANG_WARN_UNREACHABLE_CODE = YES;
				CLANG_WARN__DUPLICATE_METHOD_MATCH = YES;
				COPY_PHASE_STRIP = NO;
				DEBUG_INFORMATION_FORMAT = "dwarf-with-dsym";
				ENABLE_NS_ASSERTIONS = NO;
				ENABLE_STRICT_OBJC_MSGSEND = YES;
				GCC_C_LANGUAGE_STANDARD = gnu11;
				GCC_NO_COMMON_BLOCKS = YES;
				GCC_WARN_64_TO_32_BIT_CONVERSION = YES;
				GCC_WARN_ABOUT_RETURN_TYPE = YES_ERROR;
				GCC_WARN_UNDECLARED_SELECTOR = YES;
				GCC_WARN_UNINITIALIZED_AUTOS = YES_AGGRESSIVE;
				GCC_WARN_UNUSED_FUNCTION = YES;
				GCC_WARN_UNUSED_VARIABLE = YES;
				IPHONEOS_DEPLOYMENT_TARGET = 14.0;
				MTL_ENABLE_DEBUG_INFO = NO;
				MTL_FAST_MATH = YES;
				SDKROOT = iphoneos;
				SWIFT_COMPILATION_MODE = wholemodule;
				SWIFT_OPTIMIZATION_LEVEL = "-O";
				VALIDATE_PRODUCT = YES;
			};
			name = Release;
		};
		DB94F24D25235C7D00DA0BA4 /* Debug */ = {
			isa = XCBuildConfiguration;
			buildSettings = {
				ALWAYS_EMBED_SWIFT_STANDARD_LIBRARIES = YES;
				ASSETCATALOG_COMPILER_APPICON_NAME = AppIcon;
				ASSETCATALOG_COMPILER_GLOBAL_ACCENT_COLOR_NAME = AccentColor;
				CODE_SIGN_STYLE = Automatic;
				DEVELOPMENT_ASSET_PATHS = "\"FannyCatsSwiftUI/Preview Content\"";
				DEVELOPMENT_TEAM = X8NNCQ3HW6;
				ENABLE_PREVIEWS = YES;
				INFOPLIST_FILE = FannyCatsSwiftUI/Info.plist;
				IPHONEOS_DEPLOYMENT_TARGET = 14.0;
				LD_RUNPATH_SEARCH_PATHS = (
					"$(inherited)",
					"@executable_path/Frameworks",
				);
				PRODUCT_BUNDLE_IDENTIFIER = "Oleksandr-Solokha.FannyCatsSwiftUI";
				PRODUCT_NAME = "$(TARGET_NAME)";
				SWIFT_VERSION = 5.0;
				TARGETED_DEVICE_FAMILY = "1,2";
			};
			name = Debug;
		};
		DB94F24E25235C7D00DA0BA4 /* Release */ = {
			isa = XCBuildConfiguration;
			buildSettings = {
				ALWAYS_EMBED_SWIFT_STANDARD_LIBRARIES = YES;
				ASSETCATALOG_COMPILER_APPICON_NAME = AppIcon;
				ASSETCATALOG_COMPILER_GLOBAL_ACCENT_COLOR_NAME = AccentColor;
				CODE_SIGN_STYLE = Automatic;
				DEVELOPMENT_ASSET_PATHS = "\"FannyCatsSwiftUI/Preview Content\"";
				DEVELOPMENT_TEAM = X8NNCQ3HW6;
				ENABLE_PREVIEWS = YES;
				INFOPLIST_FILE = FannyCatsSwiftUI/Info.plist;
				IPHONEOS_DEPLOYMENT_TARGET = 14.0;
				LD_RUNPATH_SEARCH_PATHS = (
					"$(inherited)",
					"@executable_path/Frameworks",
				);
				PRODUCT_BUNDLE_IDENTIFIER = "Oleksandr-Solokha.FannyCatsSwiftUI";
				PRODUCT_NAME = "$(TARGET_NAME)";
				SWIFT_VERSION = 5.0;
				TARGETED_DEVICE_FAMILY = "1,2";
			};
			name = Release;
		};
/* End XCBuildConfiguration section */

/* Begin XCConfigurationList section */
		DB08B9122582200F001E1026 /* Build configuration list for PBXNativeTarget "WidgetFannyCatsSwiftUIExtension" */ = {
			isa = XCConfigurationList;
			buildConfigurations = (
				DB08B9102582200F001E1026 /* Debug */,
				DB08B9112582200F001E1026 /* Release */,
			);
			defaultConfigurationIsVisible = 0;
			defaultConfigurationName = Release;
		};
		DB94F23825235C7800DA0BA4 /* Build configuration list for PBXProject "FannyCatsSwiftUI" */ = {
			isa = XCConfigurationList;
			buildConfigurations = (
				DB94F24A25235C7D00DA0BA4 /* Debug */,
				DB94F24B25235C7D00DA0BA4 /* Release */,
			);
			defaultConfigurationIsVisible = 0;
			defaultConfigurationName = Release;
		};
		DB94F24C25235C7D00DA0BA4 /* Build configuration list for PBXNativeTarget "FannyCatsSwiftUI" */ = {
			isa = XCConfigurationList;
			buildConfigurations = (
				DB94F24D25235C7D00DA0BA4 /* Debug */,
				DB94F24E25235C7D00DA0BA4 /* Release */,
			);
			defaultConfigurationIsVisible = 0;
			defaultConfigurationName = Release;
		};
/* End XCConfigurationList section */
	};
	rootObject = DB94F23525235C7800DA0BA4 /* Project object */;
}
